dependencies:
- name: common
  repository: oci://registry-1.docker.io/bitnamicharts
  version: 2.8.0
- name: redis
  repository: https://charts.bitnami.com/bitnami
  version: 17.14.6
- name: prometheus
  repository: https://prometheus-community.github.io/helm-charts
  version: 15.8.0
- name: apisix
  repository: https://charts.bitnami.com/bitnami
  version: 2.0.7
- name: minio
  repository: https://charts.bitnami.com/bitnami
  version: 11.6.8
digest: sha256:707cc6b8bed5227292738313c55e2f3ac47c9389d3c571fe866c5661f3b5067c
generated: "2023-08-18T19:19:02.5588456+08:00"
