
Microsoft Visual Studio Solution File, Format Version 12.00
# Visual Studio Version 17
VisualStudioVersion = 17.7.34003.232
MinimumVisualStudioVersion = 10.0.40219.1
Project("{FAE04EC0-301F-11D3-BF4B-00C04F79EFBC}") = "DarpApp.Admin.API.K8S127", "DarpApp.Admin.API.K8S127.csproj", "{DC1CB306-31E2-4B99-800B-B3014454418B}"
EndProject
Global
	GlobalSection(SolutionConfigurationPlatforms) = preSolution
		Debug|Any CPU = Debug|Any CPU
		Release|Any CPU = Release|Any CPU
	EndGlobalSection
	GlobalSection(ProjectConfigurationPlatforms) = postSolution
		{DC1CB306-31E2-4B99-800B-B3014454418B}.Debug|Any CPU.ActiveCfg = Debug|Any CPU
		{DC1CB306-31E2-4B99-800B-B3014454418B}.Debug|Any CPU.Build.0 = Debug|Any CPU
		{DC1CB306-31E2-4B99-800B-B3014454418B}.Release|Any CPU.ActiveCfg = Release|Any CPU
		{DC1CB306-31E2-4B99-800B-B3014454418B}.Release|Any CPU.Build.0 = Release|Any CPU
	EndGlobalSection
	GlobalSection(SolutionProperties) = preSolution
		HideSolutionNode = FALSE
	EndGlobalSection
	GlobalSection(ExtensibilityGlobals) = postSolution
		SolutionGuid = {EF5865B6-9190-43D3-BE91-D3A3A4177DD9}
	EndGlobalSection
EndGlobal
