
Microsoft Visual Studio Solution File, Format Version 12.00
# Visual Studio Version 17
VisualStudioVersion = 17.7.34003.232
MinimumVisualStudioVersion = 10.0.40219.1
Project("{FAE04EC0-301F-11D3-BF4B-00C04F79EFBC}") = "DaprApp.SSO", "DaprApp.SSO.csproj", "{80E82D48-F292-4BAE-B41B-AF5FAB5E8DDF}"
EndProject
Global
	GlobalSection(SolutionConfigurationPlatforms) = preSolution
		Debug|Any CPU = Debug|Any CPU
		Release|Any CPU = Release|Any CPU
	EndGlobalSection
	GlobalSection(ProjectConfigurationPlatforms) = postSolution
		{80E82D48-F292-4BAE-B41B-AF5FAB5E8DDF}.Debug|Any CPU.ActiveCfg = Debug|Any CPU
		{80E82D48-F292-4BAE-B41B-AF5FAB5E8DDF}.Debug|Any CPU.Build.0 = Debug|Any CPU
		{80E82D48-F292-4BAE-B41B-AF5FAB5E8DDF}.Release|Any CPU.ActiveCfg = Release|Any CPU
		{80E82D48-F292-4BAE-B41B-AF5FAB5E8DDF}.Release|Any CPU.Build.0 = Release|Any CPU
	EndGlobalSection
	GlobalSection(SolutionProperties) = preSolution
		HideSolutionNode = FALSE
	EndGlobalSection
	GlobalSection(ExtensibilityGlobals) = postSolution
		SolutionGuid = {AE1CBF05-3E55-4DB3-8634-97788D2D3261}
	EndGlobalSection
EndGlobal
